
Microsoft Visual Studio Solution File, Format Version 12.00
# Visual Studio Version 17
VisualStudioVersion = 17.13.35825.156 d17.13
MinimumVisualStudioVersion = 10.0.40219.1
Project("{FAE04EC0-301F-11D3-BF4B-00C04F79EFBC}") = "Cezzi.Http", "src\Cezzi.Http\Cezzi.Http.csproj", "{775D5506-29A9-677F-8CE6-168007BEA4E2}"
EndProject
Project("{2150E333-8FDC-42A3-9474-1A3956D46DE8}") = ".sln", ".sln", "{02EA681E-C7D8-13C7-8484-4AC65E1B71E8}"
	ProjectSection(SolutionItems) = preProject
		cezzi-http-nuget-pipelines.yml = cezzi-http-nuget-pipelines.yml
	EndProjectSection
EndProject
Project("{2150E333-8FDC-42A3-9474-1A3956D46DE8}") = "src", "src", "{80ED981F-F12D-4797-A7B9-BFAF2461F5EA}"
EndProject
Project("{2150E333-8FDC-42A3-9474-1A3956D46DE8}") = "test", "test", "{6CFAF185-87B2-4392-B33F-E7F970D48DFB}"
EndProject
Project("{FAE04EC0-301F-11D3-BF4B-00C04F79EFBC}") = "Cezzi.Http.Tests", "test\Cezzi.Http.Tests\Cezzi.Http.Tests.csproj", "{024D8050-C39C-46B1-8B8A-921AF0AC1D37}"
EndProject
Global
	GlobalSection(SolutionConfigurationPlatforms) = preSolution
		Debug|Any CPU = Debug|Any CPU
		Release|Any CPU = Release|Any CPU
	EndGlobalSection
	GlobalSection(ProjectConfigurationPlatforms) = postSolution
		{775D5506-29A9-677F-8CE6-168007BEA4E2}.Debug|Any CPU.ActiveCfg = Debug|Any CPU
		{775D5506-29A9-677F-8CE6-168007BEA4E2}.Debug|Any CPU.Build.0 = Debug|Any CPU
		{775D5506-29A9-677F-8CE6-168007BEA4E2}.Release|Any CPU.ActiveCfg = Release|Any CPU
		{775D5506-29A9-677F-8CE6-168007BEA4E2}.Release|Any CPU.Build.0 = Release|Any CPU
		{024D8050-C39C-46B1-8B8A-921AF0AC1D37}.Debug|Any CPU.ActiveCfg = Debug|Any CPU
		{024D8050-C39C-46B1-8B8A-921AF0AC1D37}.Debug|Any CPU.Build.0 = Debug|Any CPU
		{024D8050-C39C-46B1-8B8A-921AF0AC1D37}.Release|Any CPU.ActiveCfg = Release|Any CPU
		{024D8050-C39C-46B1-8B8A-921AF0AC1D37}.Release|Any CPU.Build.0 = Release|Any CPU
	EndGlobalSection
	GlobalSection(SolutionProperties) = preSolution
		HideSolutionNode = FALSE
	EndGlobalSection
	GlobalSection(NestedProjects) = preSolution
		{775D5506-29A9-677F-8CE6-168007BEA4E2} = {80ED981F-F12D-4797-A7B9-BFAF2461F5EA}
		{024D8050-C39C-46B1-8B8A-921AF0AC1D37} = {6CFAF185-87B2-4392-B33F-E7F970D48DFB}
	EndGlobalSection
	GlobalSection(ExtensibilityGlobals) = postSolution
		SolutionGuid = {637F1ECB-15C4-4417-BD35-0EED2779F234}
	EndGlobalSection
EndGlobal
