
Microsoft Visual Studio Solution File, Format Version 12.00
# Visual Studio Version 17
VisualStudioVersion = 17.0.31903.59
MinimumVisualStudioVersion = 10.0.40219.1
Project("{FAE04EC0-301F-11D3-BF4B-00C04F79EFBC}") = "Cezzi.OTel", "src\Cezzi.OTel\Cezzi.OTel.csproj", "{7D0A8519-3904-47A6-9BD9-43643FB15161}"
EndProject
Project("{2150E333-8FDC-42A3-9474-1A3956D46DE8}") = "test", "test", "{4C6999C6-9AAA-4298-809F-D3A933E005FF}"
EndProject
Project("{FAE04EC0-301F-11D3-BF4B-00C04F79EFBC}") = "Cezzi.OTel.Unit.Tests", "test\Cezzi.OTel.Unit.Tests\Cezzi.OTel.Unit.Tests.csproj", "{A0A2D9EA-19C2-4A2C-B048-3DB49E1304C8}"
EndProject
Global
	GlobalSection(SolutionConfigurationPlatforms) = preSolution
		Debug|Any CPU = Debug|Any CPU
		Release|Any CPU = Release|Any CPU
	EndGlobalSection
	GlobalSection(SolutionProperties) = preSolution
		HideSolutionNode = FALSE
	EndGlobalSection
	GlobalSection(ProjectConfigurationPlatforms) = postSolution
		{7D0A8519-3904-47A6-9BD9-43643FB15161}.Debug|Any CPU.ActiveCfg = Debug|Any CPU
		{7D0A8519-3904-47A6-9BD9-43643FB15161}.Debug|Any CPU.Build.0 = Debug|Any CPU
		{7D0A8519-3904-47A6-9BD9-43643FB15161}.Release|Any CPU.ActiveCfg = Release|Any CPU
		{7D0A8519-3904-47A6-9BD9-43643FB15161}.Release|Any CPU.Build.0 = Release|Any CPU
		{A0A2D9EA-19C2-4A2C-B048-3DB49E1304C8}.Debug|Any CPU.ActiveCfg = Debug|Any CPU
		{A0A2D9EA-19C2-4A2C-B048-3DB49E1304C8}.Debug|Any CPU.Build.0 = Debug|Any CPU
		{A0A2D9EA-19C2-4A2C-B048-3DB49E1304C8}.Release|Any CPU.ActiveCfg = Release|Any CPU
		{A0A2D9EA-19C2-4A2C-B048-3DB49E1304C8}.Release|Any CPU.Build.0 = Release|Any CPU
	EndGlobalSection
	GlobalSection(NestedProjects) = preSolution
		{A0A2D9EA-19C2-4A2C-B048-3DB49E1304C8} = {4C6999C6-9AAA-4298-809F-D3A933E005FF}
	EndGlobalSection
EndGlobal
