
Microsoft Visual Studio Solution File, Format Version 12.00
# Visual Studio Version 17
VisualStudioVersion = 17.13.35825.156
MinimumVisualStudioVersion = 10.0.40219.1
Project("{FAE04EC0-301F-11D3-BF4B-00C04F79EFBC}") = "Cezzi.Caching", "src\Cezzi.Caching\Cezzi.Caching.csproj", "{F10A8E94-ACF7-AB3F-9C49-7E86A3773760}"
EndProject
Project("{2150E333-8FDC-42A3-9474-1A3956D46DE8}") = "src", "src", "{02EA681E-C7D8-13C7-8484-4AC65E1B71E8}"
EndProject
Project("{2150E333-8FDC-42A3-9474-1A3956D46DE8}") = "test", "test", "{818816A0-E66A-4D83-BF55-BE9A802722DE}"
EndProject
Project("{FAE04EC0-301F-11D3-BF4B-00C04F79EFBC}") = "Cezzi.Caching.Tests", "test\Cezzi.Caching.Tests\Cezzi.Caching.Tests.csproj", "{0AFBC44B-BF78-D7CB-6E5B-99E258B24E7F}"
EndProject
Project("{2150E333-8FDC-42A3-9474-1A3956D46DE8}") = ".sln", ".sln", "{613925DB-6416-4AC0-8364-F4449330BEC7}"
	ProjectSection(SolutionItems) = preProject
		..\..\.github\workflows\cezzi-caching-cicd.yaml = ..\..\.github\workflows\cezzi-caching-cicd.yaml
		..\..\Nuget.Config = ..\..\Nuget.Config
	EndProjectSection
EndProject
Global
	GlobalSection(SolutionConfigurationPlatforms) = preSolution
		Debug|Any CPU = Debug|Any CPU
		Release|Any CPU = Release|Any CPU
	EndGlobalSection
	GlobalSection(ProjectConfigurationPlatforms) = postSolution
		{F10A8E94-ACF7-AB3F-9C49-7E86A3773760}.Debug|Any CPU.ActiveCfg = Debug|Any CPU
		{F10A8E94-ACF7-AB3F-9C49-7E86A3773760}.Debug|Any CPU.Build.0 = Debug|Any CPU
		{F10A8E94-ACF7-AB3F-9C49-7E86A3773760}.Release|Any CPU.ActiveCfg = Release|Any CPU
		{F10A8E94-ACF7-AB3F-9C49-7E86A3773760}.Release|Any CPU.Build.0 = Release|Any CPU
		{0AFBC44B-BF78-D7CB-6E5B-99E258B24E7F}.Debug|Any CPU.ActiveCfg = Debug|Any CPU
		{0AFBC44B-BF78-D7CB-6E5B-99E258B24E7F}.Debug|Any CPU.Build.0 = Debug|Any CPU
		{0AFBC44B-BF78-D7CB-6E5B-99E258B24E7F}.Release|Any CPU.ActiveCfg = Release|Any CPU
		{0AFBC44B-BF78-D7CB-6E5B-99E258B24E7F}.Release|Any CPU.Build.0 = Release|Any CPU
	EndGlobalSection
	GlobalSection(SolutionProperties) = preSolution
		HideSolutionNode = FALSE
	EndGlobalSection
	GlobalSection(NestedProjects) = preSolution
		{F10A8E94-ACF7-AB3F-9C49-7E86A3773760} = {02EA681E-C7D8-13C7-8484-4AC65E1B71E8}
		{0AFBC44B-BF78-D7CB-6E5B-99E258B24E7F} = {818816A0-E66A-4D83-BF55-BE9A802722DE}
	EndGlobalSection
	GlobalSection(ExtensibilityGlobals) = postSolution
		SolutionGuid = {7B085161-7F7A-4BA1-8420-6BDCE3DCE2EB}
	EndGlobalSection
EndGlobal
