
Microsoft Visual Studio Solution File, Format Version 12.00
# Visual Studio Version 17
VisualStudioVersion = 17.13.35825.156
MinimumVisualStudioVersion = 10.0.40219.1
Project("{FAE04EC0-301F-11D3-BF4B-00C04F79EFBC}") = "Cezzi.OpenApi", "src\Cezzi.OpenApi\Cezzi.OpenApi.csproj", "{D841DE5D-83C4-0737-6720-D7ADAD2DDD41}"
EndProject
Project("{2150E333-8FDC-42A3-9474-1A3956D46DE8}") = ".sln", ".sln", "{02EA681E-C7D8-13C7-8484-4AC65E1B71E8}"
	ProjectSection(SolutionItems) = preProject
		..\..\.github\workflows\cezzi-openapi-cicd.yaml = ..\..\.github\workflows\cezzi-openapi-cicd.yaml
		..\..\Nuget.Config = ..\..\Nuget.Config
	EndProjectSection
EndProject
Project("{2150E333-8FDC-42A3-9474-1A3956D46DE8}") = "src", "src", "{80F5A654-33C7-4F1F-9CC8-D449D2FA29B3}"
EndProject
Project("{2150E333-8FDC-42A3-9474-1A3956D46DE8}") = "test", "test", "{AF6E6C8D-CF4A-4AEF-A491-6D612AFDDB4D}"
EndProject
Project("{FAE04EC0-301F-11D3-BF4B-00C04F79EFBC}") = "Cezzi.OpenApi.Tests", "test\Cezzi.OpenApi.Tests\Cezzi.OpenApi.Tests.csproj", "{535D3879-FB59-49B4-A263-28AB43979F18}"
EndProject
Global
	GlobalSection(SolutionConfigurationPlatforms) = preSolution
		Debug|Any CPU = Debug|Any CPU
		Release|Any CPU = Release|Any CPU
	EndGlobalSection
	GlobalSection(ProjectConfigurationPlatforms) = postSolution
		{D841DE5D-83C4-0737-6720-D7ADAD2DDD41}.Debug|Any CPU.ActiveCfg = Debug|Any CPU
		{D841DE5D-83C4-0737-6720-D7ADAD2DDD41}.Debug|Any CPU.Build.0 = Debug|Any CPU
		{D841DE5D-83C4-0737-6720-D7ADAD2DDD41}.Release|Any CPU.ActiveCfg = Release|Any CPU
		{D841DE5D-83C4-0737-6720-D7ADAD2DDD41}.Release|Any CPU.Build.0 = Release|Any CPU
		{535D3879-FB59-49B4-A263-28AB43979F18}.Debug|Any CPU.ActiveCfg = Debug|Any CPU
		{535D3879-FB59-49B4-A263-28AB43979F18}.Debug|Any CPU.Build.0 = Debug|Any CPU
		{535D3879-FB59-49B4-A263-28AB43979F18}.Release|Any CPU.ActiveCfg = Release|Any CPU
		{535D3879-FB59-49B4-A263-28AB43979F18}.Release|Any CPU.Build.0 = Release|Any CPU
	EndGlobalSection
	GlobalSection(SolutionProperties) = preSolution
		HideSolutionNode = FALSE
	EndGlobalSection
	GlobalSection(NestedProjects) = preSolution
		{D841DE5D-83C4-0737-6720-D7ADAD2DDD41} = {80F5A654-33C7-4F1F-9CC8-D449D2FA29B3}
		{535D3879-FB59-49B4-A263-28AB43979F18} = {AF6E6C8D-CF4A-4AEF-A491-6D612AFDDB4D}
	EndGlobalSection
	GlobalSection(ExtensibilityGlobals) = postSolution
		SolutionGuid = {15952241-307A-485F-9B4D-AD5CEF60D7C7}
	EndGlobalSection
EndGlobal
