
Microsoft Visual Studio Solution File, Format Version 12.00
# Visual Studio Version 17
VisualStudioVersion = 17.13.35825.156
MinimumVisualStudioVersion = 10.0.40219.1
Project("{FAE04EC0-301F-11D3-BF4B-00C04F79EFBC}") = "Cezzi.Azure.Storage.Table", "src\Cezzi.Azure.Storage.Table\Cezzi.Azure.Storage.Table.csproj", "{65BE5D24-1276-A4D6-0984-DC0D13BBEEE4}"
EndProject
Project("{2150E333-8FDC-42A3-9474-1A3956D46DE8}") = ".sln", ".sln", "{02EA681E-C7D8-13C7-8484-4AC65E1B71E8}"
	ProjectSection(SolutionItems) = preProject
		..\..\.github\workflows\cezzi-azure-storage-table-cicd.yaml = ..\..\.github\workflows\cezzi-azure-storage-table-cicd.yaml
		..\..\Nuget.Config = ..\..\Nuget.Config
	EndProjectSection
EndProject
Project("{2150E333-8FDC-42A3-9474-1A3956D46DE8}") = "src", "src", "{7E90BAB8-075A-4719-872F-8A19FE42B9E8}"
EndProject
Project("{2150E333-8FDC-42A3-9474-1A3956D46DE8}") = "test", "test", "{BDC87B01-0F40-4BB4-9A0B-BDD41B2AD066}"
EndProject
Project("{FAE04EC0-301F-11D3-BF4B-00C04F79EFBC}") = "Cezzi.Azure.Storage.Table.Tests", "test\Cezzi.Azure.Storage.Table.Tests\Cezzi.Azure.Storage.Table.Tests.csproj", "{037A54EC-C4CF-4012-9EFD-960008649F28}"
EndProject
Global
	GlobalSection(SolutionConfigurationPlatforms) = preSolution
		Debug|Any CPU = Debug|Any CPU
		Release|Any CPU = Release|Any CPU
	EndGlobalSection
	GlobalSection(ProjectConfigurationPlatforms) = postSolution
		{65BE5D24-1276-A4D6-0984-DC0D13BBEEE4}.Debug|Any CPU.ActiveCfg = Debug|Any CPU
		{65BE5D24-1276-A4D6-0984-DC0D13BBEEE4}.Debug|Any CPU.Build.0 = Debug|Any CPU
		{65BE5D24-1276-A4D6-0984-DC0D13BBEEE4}.Release|Any CPU.ActiveCfg = Release|Any CPU
		{65BE5D24-1276-A4D6-0984-DC0D13BBEEE4}.Release|Any CPU.Build.0 = Release|Any CPU
		{037A54EC-C4CF-4012-9EFD-960008649F28}.Debug|Any CPU.ActiveCfg = Debug|Any CPU
		{037A54EC-C4CF-4012-9EFD-960008649F28}.Debug|Any CPU.Build.0 = Debug|Any CPU
		{037A54EC-C4CF-4012-9EFD-960008649F28}.Release|Any CPU.ActiveCfg = Release|Any CPU
		{037A54EC-C4CF-4012-9EFD-960008649F28}.Release|Any CPU.Build.0 = Release|Any CPU
	EndGlobalSection
	GlobalSection(SolutionProperties) = preSolution
		HideSolutionNode = FALSE
	EndGlobalSection
	GlobalSection(NestedProjects) = preSolution
		{65BE5D24-1276-A4D6-0984-DC0D13BBEEE4} = {7E90BAB8-075A-4719-872F-8A19FE42B9E8}
		{037A54EC-C4CF-4012-9EFD-960008649F28} = {BDC87B01-0F40-4BB4-9A0B-BDD41B2AD066}
	EndGlobalSection
	GlobalSection(ExtensibilityGlobals) = postSolution
		SolutionGuid = {BD548CF7-D6EE-40C1-9F84-956FEB911211}
	EndGlobalSection
EndGlobal
