
Microsoft Visual Studio Solution File, Format Version 12.00
# Visual Studio Version 17
VisualStudioVersion = 17.13.35825.156
MinimumVisualStudioVersion = 10.0.40219.1
Project("{FAE04EC0-301F-11D3-BF4B-00C04F79EFBC}") = "Cezzi.Security.Pgp", "src\Cezzi.Security.Pgp\Cezzi.Security.Pgp.csproj", "{CDC53A6F-0B1D-A184-0175-A8A4A85F06A3}"
EndProject
Project("{2150E333-8FDC-42A3-9474-1A3956D46DE8}") = ".sln", ".sln", "{02EA681E-C7D8-13C7-8484-4AC65E1B71E8}"
	ProjectSection(SolutionItems) = preProject
		..\..\.github\workflows\cezzi-security-pgp-cicd.yaml = ..\..\.github\workflows\cezzi-security-pgp-cicd.yaml
		..\..\Nuget.Config = ..\..\Nuget.Config
	EndProjectSection
EndProject
Project("{2150E333-8FDC-42A3-9474-1A3956D46DE8}") = "src", "src", "{4B6042E8-84EF-4109-AAF9-68066E3235B2}"
EndProject
Project("{2150E333-8FDC-42A3-9474-1A3956D46DE8}") = "test", "test", "{BAC4A345-9D5C-4717-BBBE-5C179A4832AD}"
EndProject
Project("{FAE04EC0-301F-11D3-BF4B-00C04F79EFBC}") = "Cezzi.Security.Pgp.Tests", "test\Cezzi.Security.Pgp.Tests\Cezzi.Security.Pgp.Tests.csproj", "{25686837-DEED-5ED4-5051-FA6962970911}"
EndProject
Global
	GlobalSection(SolutionConfigurationPlatforms) = preSolution
		Debug|Any CPU = Debug|Any CPU
		Release|Any CPU = Release|Any CPU
	EndGlobalSection
	GlobalSection(ProjectConfigurationPlatforms) = postSolution
		{CDC53A6F-0B1D-A184-0175-A8A4A85F06A3}.Debug|Any CPU.ActiveCfg = Debug|Any CPU
		{CDC53A6F-0B1D-A184-0175-A8A4A85F06A3}.Debug|Any CPU.Build.0 = Debug|Any CPU
		{CDC53A6F-0B1D-A184-0175-A8A4A85F06A3}.Release|Any CPU.ActiveCfg = Release|Any CPU
		{CDC53A6F-0B1D-A184-0175-A8A4A85F06A3}.Release|Any CPU.Build.0 = Release|Any CPU
		{25686837-DEED-5ED4-5051-FA6962970911}.Debug|Any CPU.ActiveCfg = Debug|Any CPU
		{25686837-DEED-5ED4-5051-FA6962970911}.Debug|Any CPU.Build.0 = Debug|Any CPU
		{25686837-DEED-5ED4-5051-FA6962970911}.Release|Any CPU.ActiveCfg = Release|Any CPU
		{25686837-DEED-5ED4-5051-FA6962970911}.Release|Any CPU.Build.0 = Release|Any CPU
	EndGlobalSection
	GlobalSection(SolutionProperties) = preSolution
		HideSolutionNode = FALSE
	EndGlobalSection
	GlobalSection(NestedProjects) = preSolution
		{CDC53A6F-0B1D-A184-0175-A8A4A85F06A3} = {4B6042E8-84EF-4109-AAF9-68066E3235B2}
		{25686837-DEED-5ED4-5051-FA6962970911} = {BAC4A345-9D5C-4717-BBBE-5C179A4832AD}
	EndGlobalSection
	GlobalSection(ExtensibilityGlobals) = postSolution
		SolutionGuid = {76A1BFB7-0804-44A9-94AE-91C869D56DE4}
	EndGlobalSection
EndGlobal
